
Microsoft Visual Studio Solution File, Format Version 12.00
# Visual Studio 15
VisualStudioVersion = 15.0.28010.2016
MinimumVisualStudioVersion = 10.0.40219.1
Project("{8BC9CEB8-8B4A-11D0-8D11-00A0C91BC942}") = "Project11.1", "Project11.1\Project11.1.vcxproj", "{EADB4360-E7AA-4833-8090-D7266695811A}"
EndProject
Global
	GlobalSection(SolutionConfigurationPlatforms) = preSolution
		Debug|x64 = Debug|x64
		Debug|x86 = Debug|x86
		Release|x64 = Release|x64
		Release|x86 = Release|x86
	EndGlobalSection
	GlobalSection(ProjectConfigurationPlatforms) = postSolution
		{EADB4360-E7AA-4833-8090-D7266695811A}.Debug|x64.ActiveCfg = Debug|x64
		{EADB4360-E7AA-4833-8090-D7266695811A}.Debug|x64.Build.0 = Debug|x64
		{EADB4360-E7AA-4833-8090-D7266695811A}.Debug|x86.ActiveCfg = Debug|Win32
		{EADB4360-E7AA-4833-8090-D7266695811A}.Debug|x86.Build.0 = Debug|Win32
		{EADB4360-E7AA-4833-8090-D7266695811A}.Release|x64.ActiveCfg = Release|x64
		{EADB4360-E7AA-4833-8090-D7266695811A}.Release|x64.Build.0 = Release|x64
		{EADB4360-E7AA-4833-8090-D7266695811A}.Release|x86.ActiveCfg = Release|Win32
		{EADB4360-E7AA-4833-8090-D7266695811A}.Release|x86.Build.0 = Release|Win32
	EndGlobalSection
	GlobalSection(SolutionProperties) = preSolution
		HideSolutionNode = FALSE
	EndGlobalSection
	GlobalSection(ExtensibilityGlobals) = postSolution
		SolutionGuid = {986A2BDD-ECC7-4528-B189-959D2D250F58}
	EndGlobalSection
EndGlobal
